
Microsoft Visual Studio Solution File, Format Version 12.00
# Visual Studio Version 17
VisualStudioVersion = 17.7.34202.233
MinimumVisualStudioVersion = 10.0.40219.1
Project("{9A19103F-16F7-4668-BE54-9A1E7A4F7556}") = "AzOpenAIChatDemo", "AzOpenAIChatDemo\AzOpenAIChatDemo.csproj", "{DA8503E1-876F-4B42-BA61-9068BA52108D}"
EndProject
Global
	GlobalSection(SolutionConfigurationPlatforms) = preSolution
		Debug|Any CPU = Debug|Any CPU
		Release|Any CPU = Release|Any CPU
	EndGlobalSection
	GlobalSection(ProjectConfigurationPlatforms) = postSolution
		{DA8503E1-876F-4B42-BA61-9068BA52108D}.Debug|Any CPU.ActiveCfg = Debug|Any CPU
		{DA8503E1-876F-4B42-BA61-9068BA52108D}.Debug|Any CPU.Build.0 = Debug|Any CPU
		{DA8503E1-876F-4B42-BA61-9068BA52108D}.Release|Any CPU.ActiveCfg = Release|Any CPU
		{DA8503E1-876F-4B42-BA61-9068BA52108D}.Release|Any CPU.Build.0 = Release|Any CPU
	EndGlobalSection
	GlobalSection(SolutionProperties) = preSolution
		HideSolutionNode = FALSE
	EndGlobalSection
	GlobalSection(ExtensibilityGlobals) = postSolution
		SolutionGuid = {82004600-A104-4CD6-B7A1-DAE58A81FBF2}
	EndGlobalSection
EndGlobal
